// !$*UTF8*$!
{
	archiveVersion = 1;
	classes = {
	};
	objectVersion = 46;
	objects = {

/* Begin PBXBuildFile section */
		9A8019A5F7CA481CBAE3C1A3 /* libPods.a in Frameworks */ = {isa = PBXBuildFile; fileRef = 60634B4BFDC64A70A8E0B577 /* libPods.a */; };
		9D951201173437E900A2472F /* UIKit.framework in Frameworks */ = {isa = PBXBuildFile; fileRef = 9D951200173437E900A2472F /* UIKit.framework */; };
		9D951203173437E900A2472F /* Foundation.framework in Frameworks */ = {isa = PBXBuildFile; fileRef = 9D951202173437E900A2472F /* Foundation.framework */; };
		9D951205173437E900A2472F /* CoreGraphics.framework in Frameworks */ = {isa = PBXBuildFile; fileRef = 9D951204173437E900A2472F /* CoreGraphics.framework */; };
		9D95120B173437EA00A2472F /* InfoPlist.strings in Resources */ = {isa = PBXBuildFile; fileRef = 9D951209173437EA00A2472F /* InfoPlist.strings */; };
		9D95120D173437EA00A2472F /* main.m in Sources */ = {isa = PBXBuildFile; fileRef = 9D95120C173437EA00A2472F /* main.m */; };
		9D951211173437EA00A2472F /* FMSAppDelegate.m in Sources */ = {isa = PBXBuildFile; fileRef = 9D951210173437EA00A2472F /* FMSAppDelegate.m */; };
		9D951213173437EA00A2472F /* Default.png in Resources */ = {isa = PBXBuildFile; fileRef = 9D951212173437EA00A2472F /* Default.png */; };
		9D951215173437EA00A2472F /* Default@2x.png in Resources */ = {isa = PBXBuildFile; fileRef = 9D951214173437EA00A2472F /* Default@2x.png */; };
		9D951217173437EA00A2472F /* Default-568h@2x.png in Resources */ = {isa = PBXBuildFile; fileRef = 9D951216173437EA00A2472F /* Default-568h@2x.png */; };
		9D95121A173437EA00A2472F /* FMSViewController.m in Sources */ = {isa = PBXBuildFile; fileRef = 9D951219173437EA00A2472F /* FMSViewController.m */; };
		9D951225173437EA00A2472F /* SenTestingKit.framework in Frameworks */ = {isa = PBXBuildFile; fileRef = 9D951224173437EA00A2472F /* SenTestingKit.framework */; };
		9D951226173437EA00A2472F /* UIKit.framework in Frameworks */ = {isa = PBXBuildFile; fileRef = 9D951200173437E900A2472F /* UIKit.framework */; };
		9D951227173437EA00A2472F /* Foundation.framework in Frameworks */ = {isa = PBXBuildFile; fileRef = 9D951202173437E900A2472F /* Foundation.framework */; };
		9D95122F173437EA00A2472F /* InfoPlist.strings in Resources */ = {isa = PBXBuildFile; fileRef = 9D95122D173437EA00A2472F /* InfoPlist.strings */; };
		9D951232173437EA00A2472F /* fmdbModelSimpleTests.m in Sources */ = {isa = PBXBuildFile; fileRef = 9D951231173437EA00A2472F /* fmdbModelSimpleTests.m */; };
		9D95123D1734388700A2472F /* FMSBook.m in Sources */ = {isa = PBXBuildFile; fileRef = 9D95123C1734388700A2472F /* FMSBook.m */; };
		9D9512401734392900A2472F /* FMSAuthor.m in Sources */ = {isa = PBXBuildFile; fileRef = 9D95123F1734392900A2472F /* FMSAuthor.m */; };
		9D95124217343B9600A2472F /* libobjc.A.dylib in Frameworks */ = {isa = PBXBuildFile; fileRef = 9D95124117343B9600A2472F /* libobjc.A.dylib */; };
		D747F166769FA387C760F869 /* SimpleRecordIndex.m in Sources */ = {isa = PBXBuildFile; fileRef = D747FF01A290D24A1D89F1CC /* SimpleRecordIndex.m */; };
		D747F21B29562B31522829CC /* SimpleRecordColumn.m in Sources */ = {isa = PBXBuildFile; fileRef = D747F0A6D417993F81260662 /* SimpleRecordColumn.m */; };
		D747F33DBC5A22DA512D5104 /* SimpleRecordTable.m in Sources */ = {isa = PBXBuildFile; fileRef = D747F0828141AF6198848CBA /* SimpleRecordTable.m */; };
		D747F416F09F4E59DA0AB786 /* SimpleRecordIndex.m in Sources */ = {isa = PBXBuildFile; fileRef = D747FF01A290D24A1D89F1CC /* SimpleRecordIndex.m */; };
		D747F53D47C7167D60FBE0F7 /* SimpleRecord.m in Sources */ = {isa = PBXBuildFile; fileRef = D747FDC57AE0736784A6E88E /* SimpleRecord.m */; };
		D747F87A0D99A5756B61B43A /* SimpleRecord.m in Sources */ = {isa = PBXBuildFile; fileRef = D747FDC57AE0736784A6E88E /* SimpleRecord.m */; };
		D747F9682E978F2354854A81 /* SimpleRecordModel.m in Sources */ = {isa = PBXBuildFile; fileRef = D747F07743676184858B8586 /* SimpleRecordModel.m */; };
		D747FC256ED21F3A40DFDA8A /* SimpleRecordModel.m in Sources */ = {isa = PBXBuildFile; fileRef = D747F07743676184858B8586 /* SimpleRecordModel.m */; };
		D747FC32C088AF6B5C417AB9 /* SimpleRecordColumn.m in Sources */ = {isa = PBXBuildFile; fileRef = D747F0A6D417993F81260662 /* SimpleRecordColumn.m */; };
		D747FC733A22F1AA1E64E4FE /* SimpleRecordRelation.m in Sources */ = {isa = PBXBuildFile; fileRef = D747F360A9F855CC7B1C7CAF /* SimpleRecordRelation.m */; };
		D747FF21037AD10E782DA3D4 /* SimpleRecordTable.m in Sources */ = {isa = PBXBuildFile; fileRef = D747F0828141AF6198848CBA /* SimpleRecordTable.m */; };
		D747FF6FD7C86D1620EF4133 /* SimpleRecordRelation.m in Sources */ = {isa = PBXBuildFile; fileRef = D747F360A9F855CC7B1C7CAF /* SimpleRecordRelation.m */; };
/* End PBXBuildFile section */

/* Begin PBXContainerItemProxy section */
		9D951228173437EA00A2472F /* PBXContainerItemProxy */ = {
			isa = PBXContainerItemProxy;
			containerPortal = 9D9511F5173437E900A2472F /* Project object */;
			proxyType = 1;
			remoteGlobalIDString = 9D9511FC173437E900A2472F;
			remoteInfo = fmdbModelSimple;
		};
/* End PBXContainerItemProxy section */

/* Begin PBXFileReference section */
		4EAAC98AE1134974BF443D28 /* Pods.xcconfig */ = {isa = PBXFileReference; includeInIndex = 1; lastKnownFileType = text.xcconfig; name = Pods.xcconfig; path = Pods/Pods.xcconfig; sourceTree = SOURCE_ROOT; };
		60634B4BFDC64A70A8E0B577 /* libPods.a */ = {isa = PBXFileReference; explicitFileType = archive.ar; includeInIndex = 0; path = libPods.a; sourceTree = BUILT_PRODUCTS_DIR; };
		9D9511FD173437E900A2472F /* fmdbModelSimple.app */ = {isa = PBXFileReference; explicitFileType = wrapper.application; includeInIndex = 0; path = fmdbModelSimple.app; sourceTree = BUILT_PRODUCTS_DIR; };
		9D951200173437E900A2472F /* UIKit.framework */ = {isa = PBXFileReference; lastKnownFileType = wrapper.framework; name = UIKit.framework; path = System/Library/Frameworks/UIKit.framework; sourceTree = SDKROOT; };
		9D951202173437E900A2472F /* Foundation.framework */ = {isa = PBXFileReference; lastKnownFileType = wrapper.framework; name = Foundation.framework; path = System/Library/Frameworks/Foundation.framework; sourceTree = SDKROOT; };
		9D951204173437E900A2472F /* CoreGraphics.framework */ = {isa = PBXFileReference; lastKnownFileType = wrapper.framework; name = CoreGraphics.framework; path = System/Library/Frameworks/CoreGraphics.framework; sourceTree = SDKROOT; };
		9D951208173437EA00A2472F /* fmdbModelSimple-Info.plist */ = {isa = PBXFileReference; lastKnownFileType = text.plist.xml; path = "fmdbModelSimple-Info.plist"; sourceTree = "<group>"; };
		9D95120A173437EA00A2472F /* en */ = {isa = PBXFileReference; lastKnownFileType = text.plist.strings; name = en; path = en.lproj/InfoPlist.strings; sourceTree = "<group>"; };
		9D95120C173437EA00A2472F /* main.m */ = {isa = PBXFileReference; lastKnownFileType = sourcecode.c.objc; path = main.m; sourceTree = "<group>"; };
		9D95120E173437EA00A2472F /* fmdbModelSimple-Prefix.pch */ = {isa = PBXFileReference; lastKnownFileType = sourcecode.c.h; path = "fmdbModelSimple-Prefix.pch"; sourceTree = "<group>"; };
		9D95120F173437EA00A2472F /* FMSAppDelegate.h */ = {isa = PBXFileReference; lastKnownFileType = sourcecode.c.h; path = FMSAppDelegate.h; sourceTree = "<group>"; };
		9D951210173437EA00A2472F /* FMSAppDelegate.m */ = {isa = PBXFileReference; lastKnownFileType = sourcecode.c.objc; path = FMSAppDelegate.m; sourceTree = "<group>"; };
		9D951212173437EA00A2472F /* Default.png */ = {isa = PBXFileReference; lastKnownFileType = image.png; path = Default.png; sourceTree = "<group>"; };
		9D951214173437EA00A2472F /* Default@2x.png */ = {isa = PBXFileReference; lastKnownFileType = image.png; path = "Default@2x.png"; sourceTree = "<group>"; };
		9D951216173437EA00A2472F /* Default-568h@2x.png */ = {isa = PBXFileReference; lastKnownFileType = image.png; path = "Default-568h@2x.png"; sourceTree = "<group>"; };
		9D951218173437EA00A2472F /* FMSViewController.h */ = {isa = PBXFileReference; lastKnownFileType = sourcecode.c.h; path = FMSViewController.h; sourceTree = "<group>"; };
		9D951219173437EA00A2472F /* FMSViewController.m */ = {isa = PBXFileReference; lastKnownFileType = sourcecode.c.objc; path = FMSViewController.m; sourceTree = "<group>"; };
		9D951223173437EA00A2472F /* fmdbModelSimpleTests.octest */ = {isa = PBXFileReference; explicitFileType = wrapper.cfbundle; includeInIndex = 0; path = fmdbModelSimpleTests.octest; sourceTree = BUILT_PRODUCTS_DIR; };
		9D951224173437EA00A2472F /* SenTestingKit.framework */ = {isa = PBXFileReference; lastKnownFileType = wrapper.framework; name = SenTestingKit.framework; path = Library/Frameworks/SenTestingKit.framework; sourceTree = DEVELOPER_DIR; };
		9D95122C173437EA00A2472F /* fmdbModelSimpleTests-Info.plist */ = {isa = PBXFileReference; lastKnownFileType = text.plist.xml; path = "fmdbModelSimpleTests-Info.plist"; sourceTree = "<group>"; };
		9D95122E173437EA00A2472F /* en */ = {isa = PBXFileReference; lastKnownFileType = text.plist.strings; name = en; path = en.lproj/InfoPlist.strings; sourceTree = "<group>"; };
		9D951230173437EA00A2472F /* fmdbModelSimpleTests.h */ = {isa = PBXFileReference; lastKnownFileType = sourcecode.c.h; path = fmdbModelSimpleTests.h; sourceTree = "<group>"; };
		9D951231173437EA00A2472F /* fmdbModelSimpleTests.m */ = {isa = PBXFileReference; lastKnownFileType = sourcecode.c.objc; path = fmdbModelSimpleTests.m; sourceTree = "<group>"; };
		9D95123B1734388700A2472F /* FMSBook.h */ = {isa = PBXFileReference; fileEncoding = 4; lastKnownFileType = sourcecode.c.h; path = FMSBook.h; sourceTree = "<group>"; };
		9D95123C1734388700A2472F /* FMSBook.m */ = {isa = PBXFileReference; fileEncoding = 4; lastKnownFileType = sourcecode.c.objc; path = FMSBook.m; sourceTree = "<group>"; };
		9D95123E1734392900A2472F /* FMSAuthor.h */ = {isa = PBXFileReference; fileEncoding = 4; lastKnownFileType = sourcecode.c.h; path = FMSAuthor.h; sourceTree = "<group>"; };
		9D95123F1734392900A2472F /* FMSAuthor.m */ = {isa = PBXFileReference; fileEncoding = 4; lastKnownFileType = sourcecode.c.objc; path = FMSAuthor.m; sourceTree = "<group>"; };
		9D95124117343B9600A2472F /* libobjc.A.dylib */ = {isa = PBXFileReference; lastKnownFileType = "compiled.mach-o.dylib"; name = libobjc.A.dylib; path = usr/lib/libobjc.A.dylib; sourceTree = SDKROOT; };
		D747F07743676184858B8586 /* SimpleRecordModel.m */ = {isa = PBXFileReference; fileEncoding = 4; lastKnownFileType = sourcecode.c.objc; path = SimpleRecordModel.m; sourceTree = "<group>"; };
		D747F0828141AF6198848CBA /* SimpleRecordTable.m */ = {isa = PBXFileReference; fileEncoding = 4; lastKnownFileType = sourcecode.c.objc; path = SimpleRecordTable.m; sourceTree = "<group>"; };
		D747F0A6D417993F81260662 /* SimpleRecordColumn.m */ = {isa = PBXFileReference; fileEncoding = 4; lastKnownFileType = sourcecode.c.objc; path = SimpleRecordColumn.m; sourceTree = "<group>"; };
		D747F2727934EA0AB47AB633 /* SimpleRecordColumn.h */ = {isa = PBXFileReference; fileEncoding = 4; lastKnownFileType = sourcecode.c.h; path = SimpleRecordColumn.h; sourceTree = "<group>"; };
		D747F2AF8A016ECEF188671F /* SimpleRecord.h */ = {isa = PBXFileReference; fileEncoding = 4; lastKnownFileType = sourcecode.c.h; path = SimpleRecord.h; sourceTree = "<group>"; };
		D747F360A9F855CC7B1C7CAF /* SimpleRecordRelation.m */ = {isa = PBXFileReference; fileEncoding = 4; lastKnownFileType = sourcecode.c.objc; path = SimpleRecordRelation.m; sourceTree = "<group>"; };
		D747F3FF3EB3344B008BE238 /* SimpleRecordIndex.h */ = {isa = PBXFileReference; fileEncoding = 4; lastKnownFileType = sourcecode.c.h; path = SimpleRecordIndex.h; sourceTree = "<group>"; };
		D747F7D12DEBF39243D813BD /* SimpleRecordModel.h */ = {isa = PBXFileReference; fileEncoding = 4; lastKnownFileType = sourcecode.c.h; path = SimpleRecordModel.h; sourceTree = "<group>"; };
		D747FC8B1EA8F6767F0D8932 /* SimpleRecordEnumConstants.h */ = {isa = PBXFileReference; fileEncoding = 4; lastKnownFileType = sourcecode.c.h; path = SimpleRecordEnumConstants.h; sourceTree = "<group>"; };
		D747FC8ED45379BFAB40384B /* SimpleRecordRelation.h */ = {isa = PBXFileReference; fileEncoding = 4; lastKnownFileType = sourcecode.c.h; path = SimpleRecordRelation.h; sourceTree = "<group>"; };
		D747FDA4AE94ED8FB1508A2C /* SimpleRecordTable.h */ = {isa = PBXFileReference; fileEncoding = 4; lastKnownFileType = sourcecode.c.h; path = SimpleRecordTable.h; sourceTree = "<group>"; };
		D747FDC57AE0736784A6E88E /* SimpleRecord.m */ = {isa = PBXFileReference; fileEncoding = 4; lastKnownFileType = sourcecode.c.objc; path = SimpleRecord.m; sourceTree = "<group>"; };
		D747FF01A290D24A1D89F1CC /* SimpleRecordIndex.m */ = {isa = PBXFileReference; fileEncoding = 4; lastKnownFileType = sourcecode.c.objc; path = SimpleRecordIndex.m; sourceTree = "<group>"; };
/* End PBXFileReference section */

/* Begin PBXFrameworksBuildPhase section */
		9D9511FA173437E900A2472F /* Frameworks */ = {
			isa = PBXFrameworksBuildPhase;
			buildActionMask = 2147483647;
			files = (
				9D95124217343B9600A2472F /* libobjc.A.dylib in Frameworks */,
				9D951201173437E900A2472F /* UIKit.framework in Frameworks */,
				9D951203173437E900A2472F /* Foundation.framework in Frameworks */,
				9D951205173437E900A2472F /* CoreGraphics.framework in Frameworks */,
				9A8019A5F7CA481CBAE3C1A3 /* libPods.a in Frameworks */,
			);
			runOnlyForDeploymentPostprocessing = 0;
		};
		9D95121F173437EA00A2472F /* Frameworks */ = {
			isa = PBXFrameworksBuildPhase;
			buildActionMask = 2147483647;
			files = (
				9D951225173437EA00A2472F /* SenTestingKit.framework in Frameworks */,
				9D951226173437EA00A2472F /* UIKit.framework in Frameworks */,
				9D951227173437EA00A2472F /* Foundation.framework in Frameworks */,
			);
			runOnlyForDeploymentPostprocessing = 0;
		};
/* End PBXFrameworksBuildPhase section */

/* Begin PBXGroup section */
		9D8F4341173EB99C0000B3DA /* sample */ = {
			isa = PBXGroup;
			children = (
				9D95120F173437EA00A2472F /* FMSAppDelegate.h */,
				9D951210173437EA00A2472F /* FMSAppDelegate.m */,
				9D951218173437EA00A2472F /* FMSViewController.h */,
				9D951219173437EA00A2472F /* FMSViewController.m */,
				9D95123B1734388700A2472F /* FMSBook.h */,
				9D95123C1734388700A2472F /* FMSBook.m */,
				9D95123E1734392900A2472F /* FMSAuthor.h */,
				9D95123F1734392900A2472F /* FMSAuthor.m */,
			);
			name = sample;
			sourceTree = "<group>";
		};
		9D9511F4173437E900A2472F = {
			isa = PBXGroup;
			children = (
				9D951206173437EA00A2472F /* fmdbModelSimple */,
				9D95122A173437EA00A2472F /* fmdbModelSimpleTests */,
				9D95124117343B9600A2472F /* libobjc.A.dylib */,
				9D9511FF173437E900A2472F /* Frameworks */,
				9D9511FE173437E900A2472F /* Products */,
				4EAAC98AE1134974BF443D28 /* Pods.xcconfig */,
			);
			sourceTree = "<group>";
		};
		9D9511FE173437E900A2472F /* Products */ = {
			isa = PBXGroup;
			children = (
				9D9511FD173437E900A2472F /* fmdbModelSimple.app */,
				9D951223173437EA00A2472F /* fmdbModelSimpleTests.octest */,
			);
			name = Products;
			sourceTree = "<group>";
		};
		9D9511FF173437E900A2472F /* Frameworks */ = {
			isa = PBXGroup;
			children = (
				9D951200173437E900A2472F /* UIKit.framework */,
				9D951202173437E900A2472F /* Foundation.framework */,
				9D951204173437E900A2472F /* CoreGraphics.framework */,
				9D951224173437EA00A2472F /* SenTestingKit.framework */,
				60634B4BFDC64A70A8E0B577 /* libPods.a */,
			);
			name = Frameworks;
			sourceTree = "<group>";
		};
		9D951206173437EA00A2472F /* fmdbModelSimple */ = {
			isa = PBXGroup;
			children = (
				9D8F4341173EB99C0000B3DA /* sample */,
				9D951207173437EA00A2472F /* Supporting Files */,
				D747F07743676184858B8586 /* SimpleRecordModel.m */,
				D747F7D12DEBF39243D813BD /* SimpleRecordModel.h */,
				D747FDC57AE0736784A6E88E /* SimpleRecord.m */,
				D747F2AF8A016ECEF188671F /* SimpleRecord.h */,
				D747FC8B1EA8F6767F0D8932 /* SimpleRecordEnumConstants.h */,
				D747F0A6D417993F81260662 /* SimpleRecordColumn.m */,
				D747F2727934EA0AB47AB633 /* SimpleRecordColumn.h */,
				D747F0828141AF6198848CBA /* SimpleRecordTable.m */,
				D747FDA4AE94ED8FB1508A2C /* SimpleRecordTable.h */,
				D747F360A9F855CC7B1C7CAF /* SimpleRecordRelation.m */,
				D747FC8ED45379BFAB40384B /* SimpleRecordRelation.h */,
				D747FF01A290D24A1D89F1CC /* SimpleRecordIndex.m */,
				D747F3FF3EB3344B008BE238 /* SimpleRecordIndex.h */,
			);
			path = fmdbModelSimple;
			sourceTree = "<group>";
		};
		9D951207173437EA00A2472F /* Supporting Files */ = {
			isa = PBXGroup;
			children = (
				9D951208173437EA00A2472F /* fmdbModelSimple-Info.plist */,
				9D951209173437EA00A2472F /* InfoPlist.strings */,
				9D95120C173437EA00A2472F /* main.m */,
				9D95120E173437EA00A2472F /* fmdbModelSimple-Prefix.pch */,
				9D951212173437EA00A2472F /* Default.png */,
				9D951214173437EA00A2472F /* Default@2x.png */,
				9D951216173437EA00A2472F /* Default-568h@2x.png */,
			);
			name = "Supporting Files";
			sourceTree = "<group>";
		};
		9D95122A173437EA00A2472F /* fmdbModelSimpleTests */ = {
			isa = PBXGroup;
			children = (
				9D951230173437EA00A2472F /* fmdbModelSimpleTests.h */,
				9D951231173437EA00A2472F /* fmdbModelSimpleTests.m */,
				9D95122B173437EA00A2472F /* Supporting Files */,
			);
			path = fmdbModelSimpleTests;
			sourceTree = SOURCE_ROOT;
		};
		9D95122B173437EA00A2472F /* Supporting Files */ = {
			isa = PBXGroup;
			children = (
				9D95122C173437EA00A2472F /* fmdbModelSimpleTests-Info.plist */,
				9D95122D173437EA00A2472F /* InfoPlist.strings */,
			);
			name = "Supporting Files";
			sourceTree = "<group>";
		};
/* End PBXGroup section */

/* Begin PBXNativeTarget section */
		9D9511FC173437E900A2472F /* fmdbModelSimple */ = {
			isa = PBXNativeTarget;
			buildConfigurationList = 9D951235173437EA00A2472F /* Build configuration list for PBXNativeTarget "fmdbModelSimple" */;
			buildPhases = (
				ADC414BFB6D54F06A65B36E4 /* Check Pods Manifest.lock */,
				9D9511F9173437E900A2472F /* Sources */,
				9D9511FA173437E900A2472F /* Frameworks */,
				9D9511FB173437E900A2472F /* Resources */,
				ADBA6845637340C7ADE6B39F /* Copy Pods Resources */,
			);
			buildRules = (
			);
			dependencies = (
			);
			name = fmdbModelSimple;
			productName = fmdbModelSimple;
			productReference = 9D9511FD173437E900A2472F /* fmdbModelSimple.app */;
			productType = "com.apple.product-type.application";
		};
		9D951222173437EA00A2472F /* fmdbModelSimpleTests */ = {
			isa = PBXNativeTarget;
			buildConfigurationList = 9D951238173437EA00A2472F /* Build configuration list for PBXNativeTarget "fmdbModelSimpleTests" */;
			buildPhases = (
				9D95121E173437EA00A2472F /* Sources */,
				9D95121F173437EA00A2472F /* Frameworks */,
				9D951220173437EA00A2472F /* Resources */,
				9D951221173437EA00A2472F /* ShellScript */,
			);
			buildRules = (
			);
			dependencies = (
				9D951229173437EA00A2472F /* PBXTargetDependency */,
			);
			name = fmdbModelSimpleTests;
			productName = fmdbModelSimpleTests;
			productReference = 9D951223173437EA00A2472F /* fmdbModelSimpleTests.octest */;
			productType = "com.apple.product-type.bundle";
		};
/* End PBXNativeTarget section */

/* Begin PBXProject section */
		9D9511F5173437E900A2472F /* Project object */ = {
			isa = PBXProject;
			attributes = {
				CLASSPREFIX = FMS;
				LastUpgradeCheck = 0460;
				ORGANIZATIONNAME = skywalker;
			};
			buildConfigurationList = 9D9511F8173437E900A2472F /* Build configuration list for PBXProject "fmdbModelSimple" */;
			compatibilityVersion = "Xcode 3.2";
			developmentRegion = English;
			hasScannedForEncodings = 0;
			knownRegions = (
				en,
			);
			mainGroup = 9D9511F4173437E900A2472F;
			productRefGroup = 9D9511FE173437E900A2472F /* Products */;
			projectDirPath = "";
			projectRoot = "";
			targets = (
				9D9511FC173437E900A2472F /* fmdbModelSimple */,
				9D951222173437EA00A2472F /* fmdbModelSimpleTests */,
			);
		};
/* End PBXProject section */

/* Begin PBXResourcesBuildPhase section */
		9D9511FB173437E900A2472F /* Resources */ = {
			isa = PBXResourcesBuildPhase;
			buildActionMask = 2147483647;
			files = (
				9D95120B173437EA00A2472F /* InfoPlist.strings in Resources */,
				9D951213173437EA00A2472F /* Default.png in Resources */,
				9D951215173437EA00A2472F /* Default@2x.png in Resources */,
				9D951217173437EA00A2472F /* Default-568h@2x.png in Resources */,
			);
			runOnlyForDeploymentPostprocessing = 0;
		};
		9D951220173437EA00A2472F /* Resources */ = {
			isa = PBXResourcesBuildPhase;
			buildActionMask = 2147483647;
			files = (
				9D95122F173437EA00A2472F /* InfoPlist.strings in Resources */,
			);
			runOnlyForDeploymentPostprocessing = 0;
		};
/* End PBXResourcesBuildPhase section */

/* Begin PBXShellScriptBuildPhase section */
		9D951221173437EA00A2472F /* ShellScript */ = {
			isa = PBXShellScriptBuildPhase;
			buildActionMask = 2147483647;
			files = (
			);
			inputPaths = (
			);
			outputPaths = (
			);
			runOnlyForDeploymentPostprocessing = 0;
			shellPath = /bin/sh;
			shellScript = "# Run the unit tests in this test bundle.\n\"${SYSTEM_DEVELOPER_DIR}/Tools/RunUnitTests\"\n";
		};
		ADBA6845637340C7ADE6B39F /* Copy Pods Resources */ = {
			isa = PBXShellScriptBuildPhase;
			buildActionMask = 2147483647;
			files = (
			);
			inputPaths = (
			);
			name = "Copy Pods Resources";
			outputPaths = (
			);
			runOnlyForDeploymentPostprocessing = 0;
			shellPath = /bin/sh;
			shellScript = "\"${SRCROOT}/Pods/Pods-resources.sh\"\n";
		};
		ADC414BFB6D54F06A65B36E4 /* Check Pods Manifest.lock */ = {
			isa = PBXShellScriptBuildPhase;
			buildActionMask = 2147483647;
			files = (
			);
			inputPaths = (
			);
			name = "Check Pods Manifest.lock";
			outputPaths = (
			);
			runOnlyForDeploymentPostprocessing = 0;
			shellPath = /bin/sh;
			shellScript = "diff \"${PODS_ROOT}/../Podfile.lock\" \"${PODS_ROOT}/Manifest.lock\" > /dev/null\nif [[ $? != 0 ]] ; then\n    cat << EOM\nerror: The sanbox is not in sync with the Podfile.lock. Run 'pod install'.\nEOM\n    exit 1\nfi\n";
		};
/* End PBXShellScriptBuildPhase section */

/* Begin PBXSourcesBuildPhase section */
		9D9511F9173437E900A2472F /* Sources */ = {
			isa = PBXSourcesBuildPhase;
			buildActionMask = 2147483647;
			files = (
				9D95120D173437EA00A2472F /* main.m in Sources */,
				9D951211173437EA00A2472F /* FMSAppDelegate.m in Sources */,
				9D95121A173437EA00A2472F /* FMSViewController.m in Sources */,
				9D95123D1734388700A2472F /* FMSBook.m in Sources */,
				9D9512401734392900A2472F /* FMSAuthor.m in Sources */,
				D747FC256ED21F3A40DFDA8A /* SimpleRecordModel.m in Sources */,
				D747F53D47C7167D60FBE0F7 /* SimpleRecord.m in Sources */,
				D747FC32C088AF6B5C417AB9 /* SimpleRecordColumn.m in Sources */,
				D747FF21037AD10E782DA3D4 /* SimpleRecordTable.m in Sources */,
				D747FC733A22F1AA1E64E4FE /* SimpleRecordRelation.m in Sources */,
				D747F416F09F4E59DA0AB786 /* SimpleRecordIndex.m in Sources */,
			);
			runOnlyForDeploymentPostprocessing = 0;
		};
		9D95121E173437EA00A2472F /* Sources */ = {
			isa = PBXSourcesBuildPhase;
			buildActionMask = 2147483647;
			files = (
				9D951232173437EA00A2472F /* fmdbModelSimpleTests.m in Sources */,
				D747F9682E978F2354854A81 /* SimpleRecordModel.m in Sources */,
				D747F87A0D99A5756B61B43A /* SimpleRecord.m in Sources */,
				D747F21B29562B31522829CC /* SimpleRecordColumn.m in Sources */,
				D747F33DBC5A22DA512D5104 /* SimpleRecordTable.m in Sources */,
				D747FF6FD7C86D1620EF4133 /* SimpleRecordRelation.m in Sources */,
				D747F166769FA387C760F869 /* SimpleRecordIndex.m in Sources */,
			);
			runOnlyForDeploymentPostprocessing = 0;
		};
/* End PBXSourcesBuildPhase section */

/* Begin PBXTargetDependency section */
		9D951229173437EA00A2472F /* PBXTargetDependency */ = {
			isa = PBXTargetDependency;
			target = 9D9511FC173437E900A2472F /* fmdbModelSimple */;
			targetProxy = 9D951228173437EA00A2472F /* PBXContainerItemProxy */;
		};
/* End PBXTargetDependency section */

/* Begin PBXVariantGroup section */
		9D951209173437EA00A2472F /* InfoPlist.strings */ = {
			isa = PBXVariantGroup;
			children = (
				9D95120A173437EA00A2472F /* en */,
			);
			name = InfoPlist.strings;
			sourceTree = "<group>";
		};
		9D95122D173437EA00A2472F /* InfoPlist.strings */ = {
			isa = PBXVariantGroup;
			children = (
				9D95122E173437EA00A2472F /* en */,
			);
			name = InfoPlist.strings;
			sourceTree = "<group>";
		};
/* End PBXVariantGroup section */

/* Begin XCBuildConfiguration section */
		9D951233173437EA00A2472F /* Debug */ = {
			isa = XCBuildConfiguration;
			buildSettings = {
				ALWAYS_SEARCH_USER_PATHS = NO;
				CLANG_CXX_LANGUAGE_STANDARD = "gnu++0x";
				CLANG_CXX_LIBRARY = "libc++";
				CLANG_ENABLE_OBJC_ARC = YES;
				CLANG_WARN_CONSTANT_CONVERSION = YES;
				CLANG_WARN_EMPTY_BODY = YES;
				CLANG_WARN_ENUM_CONVERSION = YES;
				CLANG_WARN_INT_CONVERSION = YES;
				CLANG_WARN__DUPLICATE_METHOD_MATCH = YES;
				"CODE_SIGN_IDENTITY[sdk=iphoneos*]" = "iPhone Developer";
				COPY_PHASE_STRIP = NO;
				GCC_C_LANGUAGE_STANDARD = gnu99;
				GCC_DYNAMIC_NO_PIC = NO;
				GCC_OPTIMIZATION_LEVEL = 0;
				GCC_PREPROCESSOR_DEFINITIONS = (
					"DEBUG=1",
					"$(inherited)",
				);
				GCC_SYMBOLS_PRIVATE_EXTERN = NO;
				GCC_WARN_ABOUT_RETURN_TYPE = YES;
				GCC_WARN_UNINITIALIZED_AUTOS = YES;
				GCC_WARN_UNUSED_VARIABLE = YES;
				IPHONEOS_DEPLOYMENT_TARGET = 5.0;
				ONLY_ACTIVE_ARCH = YES;
				SDKROOT = iphoneos;
			};
			name = Debug;
		};
		9D951234173437EA00A2472F /* Release */ = {
			isa = XCBuildConfiguration;
			buildSettings = {
				ALWAYS_SEARCH_USER_PATHS = NO;
				CLANG_CXX_LANGUAGE_STANDARD = "gnu++0x";
				CLANG_CXX_LIBRARY = "libc++";
				CLANG_ENABLE_OBJC_ARC = YES;
				CLANG_WARN_CONSTANT_CONVERSION = YES;
				CLANG_WARN_EMPTY_BODY = YES;
				CLANG_WARN_ENUM_CONVERSION = YES;
				CLANG_WARN_INT_CONVERSION = YES;
				CLANG_WARN__DUPLICATE_METHOD_MATCH = YES;
				"CODE_SIGN_IDENTITY[sdk=iphoneos*]" = "iPhone Developer";
				COPY_PHASE_STRIP = YES;
				GCC_C_LANGUAGE_STANDARD = gnu99;
				GCC_WARN_ABOUT_RETURN_TYPE = YES;
				GCC_WARN_UNINITIALIZED_AUTOS = YES;
				GCC_WARN_UNUSED_VARIABLE = YES;
				IPHONEOS_DEPLOYMENT_TARGET = 5.0;
				OTHER_CFLAGS = "-DNS_BLOCK_ASSERTIONS=1";
				SDKROOT = iphoneos;
				VALIDATE_PRODUCT = YES;
			};
			name = Release;
		};
		9D951236173437EA00A2472F /* Debug */ = {
			isa = XCBuildConfiguration;
			baseConfigurationReference = 4EAAC98AE1134974BF443D28 /* Pods.xcconfig */;
			buildSettings = {
				GCC_PRECOMPILE_PREFIX_HEADER = YES;
				GCC_PREFIX_HEADER = "fmdbModelSimple/fmdbModelSimple-Prefix.pch";
				INFOPLIST_FILE = "fmdbModelSimple/fmdbModelSimple-Info.plist";
				PRODUCT_NAME = "$(TARGET_NAME)";
				USER_HEADER_SEARCH_PATHS = "\"${PROJECT_DIR}/Pods\"/**";
				WRAPPER_EXTENSION = app;
			};
			name = Debug;
		};
		9D951237173437EA00A2472F /* Release */ = {
			isa = XCBuildConfiguration;
			baseConfigurationReference = 4EAAC98AE1134974BF443D28 /* Pods.xcconfig */;
			buildSettings = {
				GCC_PRECOMPILE_PREFIX_HEADER = YES;
				GCC_PREFIX_HEADER = "fmdbModelSimple/fmdbModelSimple-Prefix.pch";
				INFOPLIST_FILE = "fmdbModelSimple/fmdbModelSimple-Info.plist";
				PRODUCT_NAME = "$(TARGET_NAME)";
				USER_HEADER_SEARCH_PATHS = "\"${PROJECT_DIR}/Pods\"/**";
				WRAPPER_EXTENSION = app;
			};
			name = Release;
		};
		9D951239173437EA00A2472F /* Debug */ = {
			isa = XCBuildConfiguration;
			baseConfigurationReference = 4EAAC98AE1134974BF443D28 /* Pods.xcconfig */;
			buildSettings = {
				BUNDLE_LOADER = "$(BUILT_PRODUCTS_DIR)/fmdbModelSimple.app/fmdbModelSimple";
				FRAMEWORK_SEARCH_PATHS = (
					"\"$(SDKROOT)/Developer/Library/Frameworks\"",
					"\"$(DEVELOPER_LIBRARY_DIR)/Frameworks\"",
				);
				GCC_PRECOMPILE_PREFIX_HEADER = YES;
				GCC_PREFIX_HEADER = "fmdbModelSimple/fmdbModelSimple-Prefix.pch";
				HEADER_SEARCH_PATHS = (
					"${PODS_HEADERS_SEARCH_PATHS}/**",
					"${PODS_ROOT}/BuildHeaders/**",
				);
				INFOPLIST_FILE = "fmdbModelSimpleTests/fmdbModelSimpleTests-Info.plist";
				PRODUCT_NAME = "$(TARGET_NAME)";
				TEST_HOST = "$(BUNDLE_LOADER)";
				WRAPPER_EXTENSION = octest;
			};
			name = Debug;
		};
		9D95123A173437EA00A2472F /* Release */ = {
			isa = XCBuildConfiguration;
			baseConfigurationReference = 4EAAC98AE1134974BF443D28 /* Pods.xcconfig */;
			buildSettings = {
				BUNDLE_LOADER = "$(BUILT_PRODUCTS_DIR)/fmdbModelSimple.app/fmdbModelSimple";
				FRAMEWORK_SEARCH_PATHS = (
					"\"$(SDKROOT)/Developer/Library/Frameworks\"",
					"\"$(DEVELOPER_LIBRARY_DIR)/Frameworks\"",
				);
				GCC_PRECOMPILE_PREFIX_HEADER = YES;
				GCC_PREFIX_HEADER = "fmdbModelSimple/fmdbModelSimple-Prefix.pch";
				HEADER_SEARCH_PATHS = (
					"${PODS_HEADERS_SEARCH_PATHS}/**",
					"${PODS_ROOT}/BuildHeaders/**",
				);
				INFOPLIST_FILE = "fmdbModelSimpleTests/fmdbModelSimpleTests-Info.plist";
				PRODUCT_NAME = "$(TARGET_NAME)";
				TEST_HOST = "$(BUNDLE_LOADER)";
				WRAPPER_EXTENSION = octest;
			};
			name = Release;
		};
/* End XCBuildConfiguration section */

/* Begin XCConfigurationList section */
		9D9511F8173437E900A2472F /* Build configuration list for PBXProject "fmdbModelSimple" */ = {
			isa = XCConfigurationList;
			buildConfigurations = (
				9D951233173437EA00A2472F /* Debug */,
				9D951234173437EA00A2472F /* Release */,
			);
			defaultConfigurationIsVisible = 0;
			defaultConfigurationName = Release;
		};
		9D951235173437EA00A2472F /* Build configuration list for PBXNativeTarget "fmdbModelSimple" */ = {
			isa = XCConfigurationList;
			buildConfigurations = (
				9D951236173437EA00A2472F /* Debug */,
				9D951237173437EA00A2472F /* Release */,
			);
			defaultConfigurationIsVisible = 0;
			defaultConfigurationName = Release;
		};
		9D951238173437EA00A2472F /* Build configuration list for PBXNativeTarget "fmdbModelSimpleTests" */ = {
			isa = XCConfigurationList;
			buildConfigurations = (
				9D951239173437EA00A2472F /* Debug */,
				9D95123A173437EA00A2472F /* Release */,
			);
			defaultConfigurationIsVisible = 0;
			defaultConfigurationName = Release;
		};
/* End XCConfigurationList section */
	};
	rootObject = 9D9511F5173437E900A2472F /* Project object */;
}
